
Microsoft Visual Studio Solution File, Format Version 12.00
# Visual Studio Version 17
VisualStudioVersion = 17.0.31903.59
MinimumVisualStudioVersion = 10.0.40219.1
Project("{2150E333-8FDC-42A3-9474-1A3956D46DE8}") = "src", "src", "{827E0CD3-B72D-47B6-A68D-7590B98EB39B}"
EndProject
Project("{FAE04EC0-301F-11D3-BF4B-00C04F79EFBC}") = "KSProject.Application", "src\KSProject.Application\KSProject.Application.csproj", "{261EFBB5-38EA-4C6D-9B41-B3CC2A1D9B74}"
EndProject
Project("{FAE04EC0-301F-11D3-BF4B-00C04F79EFBC}") = "KSProject.Common", "src\KSProject.Common\KSProject.Common.csproj", "{A1A3D833-6E0B-4AC8-9976-DBE150753351}"
EndProject
Project("{FAE04EC0-301F-11D3-BF4B-00C04F79EFBC}") = "KSProject.Domain", "src\KSProject.Domain\KSProject.Domain.csproj", "{94ECC06C-4105-424A-89EF-A5A498B3530E}"
EndProject
Project("{FAE04EC0-301F-11D3-BF4B-00C04F79EFBC}") = "KSProject.Infrastructure", "src\KSProject.Infrastructure\KSProject.Infrastructure.csproj", "{281F6A91-5813-4C2F-A972-66DF1B64421F}"
EndProject
Project("{FAE04EC0-301F-11D3-BF4B-00C04F79EFBC}") = "KSProject.Presentation", "src\KSProject.Presentation\KSProject.Presentation.csproj", "{D5F9BF2F-1886-4103-B878-B47538E4D251}"
EndProject
Project("{FAE04EC0-301F-11D3-BF4B-00C04F79EFBC}") = "KSProject.WebApi", "src\KSProject.WebApi\KSProject.WebApi.csproj", "{9DC94E3D-0D92-48D0-96F2-CFD3DEEF8ECF}"
EndProject
Global
	GlobalSection(SolutionConfigurationPlatforms) = preSolution
		Debug|Any CPU = Debug|Any CPU
		Debug|x64 = Debug|x64
		Debug|x86 = Debug|x86
		Release|Any CPU = Release|Any CPU
		Release|x64 = Release|x64
		Release|x86 = Release|x86
	EndGlobalSection
	GlobalSection(ProjectConfigurationPlatforms) = postSolution
		{261EFBB5-38EA-4C6D-9B41-B3CC2A1D9B74}.Debug|Any CPU.ActiveCfg = Debug|Any CPU
		{261EFBB5-38EA-4C6D-9B41-B3CC2A1D9B74}.Debug|Any CPU.Build.0 = Debug|Any CPU
		{261EFBB5-38EA-4C6D-9B41-B3CC2A1D9B74}.Debug|x64.ActiveCfg = Debug|Any CPU
		{261EFBB5-38EA-4C6D-9B41-B3CC2A1D9B74}.Debug|x64.Build.0 = Debug|Any CPU
		{261EFBB5-38EA-4C6D-9B41-B3CC2A1D9B74}.Debug|x86.ActiveCfg = Debug|Any CPU
		{261EFBB5-38EA-4C6D-9B41-B3CC2A1D9B74}.Debug|x86.Build.0 = Debug|Any CPU
		{261EFBB5-38EA-4C6D-9B41-B3CC2A1D9B74}.Release|Any CPU.ActiveCfg = Release|Any CPU
		{261EFBB5-38EA-4C6D-9B41-B3CC2A1D9B74}.Release|Any CPU.Build.0 = Release|Any CPU
		{261EFBB5-38EA-4C6D-9B41-B3CC2A1D9B74}.Release|x64.ActiveCfg = Release|Any CPU
		{261EFBB5-38EA-4C6D-9B41-B3CC2A1D9B74}.Release|x64.Build.0 = Release|Any CPU
		{261EFBB5-38EA-4C6D-9B41-B3CC2A1D9B74}.Release|x86.ActiveCfg = Release|Any CPU
		{261EFBB5-38EA-4C6D-9B41-B3CC2A1D9B74}.Release|x86.Build.0 = Release|Any CPU
		{A1A3D833-6E0B-4AC8-9976-DBE150753351}.Debug|Any CPU.ActiveCfg = Debug|Any CPU
		{A1A3D833-6E0B-4AC8-9976-DBE150753351}.Debug|Any CPU.Build.0 = Debug|Any CPU
		{A1A3D833-6E0B-4AC8-9976-DBE150753351}.Debug|x64.ActiveCfg = Debug|Any CPU
		{A1A3D833-6E0B-4AC8-9976-DBE150753351}.Debug|x64.Build.0 = Debug|Any CPU
		{A1A3D833-6E0B-4AC8-9976-DBE150753351}.Debug|x86.ActiveCfg = Debug|Any CPU
		{A1A3D833-6E0B-4AC8-9976-DBE150753351}.Debug|x86.Build.0 = Debug|Any CPU
		{A1A3D833-6E0B-4AC8-9976-DBE150753351}.Release|Any CPU.ActiveCfg = Release|Any CPU
		{A1A3D833-6E0B-4AC8-9976-DBE150753351}.Release|Any CPU.Build.0 = Release|Any CPU
		{A1A3D833-6E0B-4AC8-9976-DBE150753351}.Release|x64.ActiveCfg = Release|Any CPU
		{A1A3D833-6E0B-4AC8-9976-DBE150753351}.Release|x64.Build.0 = Release|Any CPU
		{A1A3D833-6E0B-4AC8-9976-DBE150753351}.Release|x86.ActiveCfg = Release|Any CPU
		{A1A3D833-6E0B-4AC8-9976-DBE150753351}.Release|x86.Build.0 = Release|Any CPU
		{94ECC06C-4105-424A-89EF-A5A498B3530E}.Debug|Any CPU.ActiveCfg = Debug|Any CPU
		{94ECC06C-4105-424A-89EF-A5A498B3530E}.Debug|Any CPU.Build.0 = Debug|Any CPU
		{94ECC06C-4105-424A-89EF-A5A498B3530E}.Debug|x64.ActiveCfg = Debug|Any CPU
		{94ECC06C-4105-424A-89EF-A5A498B3530E}.Debug|x64.Build.0 = Debug|Any CPU
		{94ECC06C-4105-424A-89EF-A5A498B3530E}.Debug|x86.ActiveCfg = Debug|Any CPU
		{94ECC06C-4105-424A-89EF-A5A498B3530E}.Debug|x86.Build.0 = Debug|Any CPU
		{94ECC06C-4105-424A-89EF-A5A498B3530E}.Release|Any CPU.ActiveCfg = Release|Any CPU
		{94ECC06C-4105-424A-89EF-A5A498B3530E}.Release|Any CPU.Build.0 = Release|Any CPU
		{94ECC06C-4105-424A-89EF-A5A498B3530E}.Release|x64.ActiveCfg = Release|Any CPU
		{94ECC06C-4105-424A-89EF-A5A498B3530E}.Release|x64.Build.0 = Release|Any CPU
		{94ECC06C-4105-424A-89EF-A5A498B3530E}.Release|x86.ActiveCfg = Release|Any CPU
		{94ECC06C-4105-424A-89EF-A5A498B3530E}.Release|x86.Build.0 = Release|Any CPU
		{281F6A91-5813-4C2F-A972-66DF1B64421F}.Debug|Any CPU.ActiveCfg = Debug|Any CPU
		{281F6A91-5813-4C2F-A972-66DF1B64421F}.Debug|Any CPU.Build.0 = Debug|Any CPU
		{281F6A91-5813-4C2F-A972-66DF1B64421F}.Debug|x64.ActiveCfg = Debug|Any CPU
		{281F6A91-5813-4C2F-A972-66DF1B64421F}.Debug|x64.Build.0 = Debug|Any CPU
		{281F6A91-5813-4C2F-A972-66DF1B64421F}.Debug|x86.ActiveCfg = Debug|Any CPU
		{281F6A91-5813-4C2F-A972-66DF1B64421F}.Debug|x86.Build.0 = Debug|Any CPU
		{281F6A91-5813-4C2F-A972-66DF1B64421F}.Release|Any CPU.ActiveCfg = Release|Any CPU
		{281F6A91-5813-4C2F-A972-66DF1B64421F}.Release|Any CPU.Build.0 = Release|Any CPU
		{281F6A91-5813-4C2F-A972-66DF1B64421F}.Release|x64.ActiveCfg = Release|Any CPU
		{281F6A91-5813-4C2F-A972-66DF1B64421F}.Release|x64.Build.0 = Release|Any CPU
		{281F6A91-5813-4C2F-A972-66DF1B64421F}.Release|x86.ActiveCfg = Release|Any CPU
		{281F6A91-5813-4C2F-A972-66DF1B64421F}.Release|x86.Build.0 = Release|Any CPU
		{D5F9BF2F-1886-4103-B878-B47538E4D251}.Debug|Any CPU.ActiveCfg = Debug|Any CPU
		{D5F9BF2F-1886-4103-B878-B47538E4D251}.Debug|Any CPU.Build.0 = Debug|Any CPU
		{D5F9BF2F-1886-4103-B878-B47538E4D251}.Debug|x64.ActiveCfg = Debug|Any CPU
		{D5F9BF2F-1886-4103-B878-B47538E4D251}.Debug|x64.Build.0 = Debug|Any CPU
		{D5F9BF2F-1886-4103-B878-B47538E4D251}.Debug|x86.ActiveCfg = Debug|Any CPU
		{D5F9BF2F-1886-4103-B878-B47538E4D251}.Debug|x86.Build.0 = Debug|Any CPU
		{D5F9BF2F-1886-4103-B878-B47538E4D251}.Release|Any CPU.ActiveCfg = Release|Any CPU
		{D5F9BF2F-1886-4103-B878-B47538E4D251}.Release|Any CPU.Build.0 = Release|Any CPU
		{D5F9BF2F-1886-4103-B878-B47538E4D251}.Release|x64.ActiveCfg = Release|Any CPU
		{D5F9BF2F-1886-4103-B878-B47538E4D251}.Release|x64.Build.0 = Release|Any CPU
		{D5F9BF2F-1886-4103-B878-B47538E4D251}.Release|x86.ActiveCfg = Release|Any CPU
		{D5F9BF2F-1886-4103-B878-B47538E4D251}.Release|x86.Build.0 = Release|Any CPU
		{9DC94E3D-0D92-48D0-96F2-CFD3DEEF8ECF}.Debug|Any CPU.ActiveCfg = Debug|Any CPU
		{9DC94E3D-0D92-48D0-96F2-CFD3DEEF8ECF}.Debug|Any CPU.Build.0 = Debug|Any CPU
		{9DC94E3D-0D92-48D0-96F2-CFD3DEEF8ECF}.Debug|x64.ActiveCfg = Debug|Any CPU
		{9DC94E3D-0D92-48D0-96F2-CFD3DEEF8ECF}.Debug|x64.Build.0 = Debug|Any CPU
		{9DC94E3D-0D92-48D0-96F2-CFD3DEEF8ECF}.Debug|x86.ActiveCfg = Debug|Any CPU
		{9DC94E3D-0D92-48D0-96F2-CFD3DEEF8ECF}.Debug|x86.Build.0 = Debug|Any CPU
		{9DC94E3D-0D92-48D0-96F2-CFD3DEEF8ECF}.Release|Any CPU.ActiveCfg = Release|Any CPU
		{9DC94E3D-0D92-48D0-96F2-CFD3DEEF8ECF}.Release|Any CPU.Build.0 = Release|Any CPU
		{9DC94E3D-0D92-48D0-96F2-CFD3DEEF8ECF}.Release|x64.ActiveCfg = Release|Any CPU
		{9DC94E3D-0D92-48D0-96F2-CFD3DEEF8ECF}.Release|x64.Build.0 = Release|Any CPU
		{9DC94E3D-0D92-48D0-96F2-CFD3DEEF8ECF}.Release|x86.ActiveCfg = Release|Any CPU
		{9DC94E3D-0D92-48D0-96F2-CFD3DEEF8ECF}.Release|x86.Build.0 = Release|Any CPU
	EndGlobalSection
	GlobalSection(SolutionProperties) = preSolution
		HideSolutionNode = FALSE
	EndGlobalSection
	GlobalSection(NestedProjects) = preSolution
		{261EFBB5-38EA-4C6D-9B41-B3CC2A1D9B74} = {827E0CD3-B72D-47B6-A68D-7590B98EB39B}
		{A1A3D833-6E0B-4AC8-9976-DBE150753351} = {827E0CD3-B72D-47B6-A68D-7590B98EB39B}
		{94ECC06C-4105-424A-89EF-A5A498B3530E} = {827E0CD3-B72D-47B6-A68D-7590B98EB39B}
		{281F6A91-5813-4C2F-A972-66DF1B64421F} = {827E0CD3-B72D-47B6-A68D-7590B98EB39B}
		{D5F9BF2F-1886-4103-B878-B47538E4D251} = {827E0CD3-B72D-47B6-A68D-7590B98EB39B}
		{9DC94E3D-0D92-48D0-96F2-CFD3DEEF8ECF} = {827E0CD3-B72D-47B6-A68D-7590B98EB39B}
	EndGlobalSection
EndGlobal
